
Microsoft Visual Studio Solution File, Format Version 12.00
# Visual Studio Version 16
VisualStudioVersion = 16.0.29326.143
MinimumVisualStudioVersion = 10.0.40219.1
Project("{FAE04EC0-301F-11D3-BF4B-00C04F79EFBC}") = "ManageProject", "ManageProject.csproj", "{73138AAA-20A1-4094-A2B1-7DF424043A4A}"
EndProject
Global
	GlobalSection(SolutionConfigurationPlatforms) = preSolution
		Debug|Any CPU = Debug|Any CPU
		Release|Any CPU = Release|Any CPU
	EndGlobalSection
	GlobalSection(ProjectConfigurationPlatforms) = postSolution
		{73138AAA-20A1-4094-A2B1-7DF424043A4A}.Debug|Any CPU.ActiveCfg = Debug|Any CPU
		{73138AAA-20A1-4094-A2B1-7DF424043A4A}.Debug|Any CPU.Build.0 = Debug|Any CPU
		{73138AAA-20A1-4094-A2B1-7DF424043A4A}.Release|Any CPU.ActiveCfg = Release|Any CPU
		{73138AAA-20A1-4094-A2B1-7DF424043A4A}.Release|Any CPU.Build.0 = Release|Any CPU
	EndGlobalSection
	GlobalSection(SolutionProperties) = preSolution
		HideSolutionNode = FALSE
	EndGlobalSection
	GlobalSection(ExtensibilityGlobals) = postSolution
		SolutionGuid = {77A2E4A4-8BA3-4140-97FF-D17AB325DD3E}
	EndGlobalSection
EndGlobal
